
Microsoft Visual Studio Solution File, Format Version 12.00
# Visual Studio 15
VisualStudioVersion = 15.0.28307.539
MinimumVisualStudioVersion = 10.0.40219.1
Project("{FAE04EC0-301F-11D3-BF4B-00C04F79EFBC}") = "Acme.VendingMachine", "Acme.VendingMachine\Acme.VendingMachine.csproj", "{2B5654D4-4B27-499F-AE03-C375AC1076AA}"
EndProject
Global
	GlobalSection(SolutionConfigurationPlatforms) = preSolution
		Debug|Any CPU = Debug|Any CPU
		Release|Any CPU = Release|Any CPU
	EndGlobalSection
	GlobalSection(ProjectConfigurationPlatforms) = postSolution
		{2B5654D4-4B27-499F-AE03-C375AC1076AA}.Debug|Any CPU.ActiveCfg = Debug|Any CPU
		{2B5654D4-4B27-499F-AE03-C375AC1076AA}.Debug|Any CPU.Build.0 = Debug|Any CPU
		{2B5654D4-4B27-499F-AE03-C375AC1076AA}.Release|Any CPU.ActiveCfg = Release|Any CPU
		{2B5654D4-4B27-499F-AE03-C375AC1076AA}.Release|Any CPU.Build.0 = Release|Any CPU
	EndGlobalSection
	GlobalSection(SolutionProperties) = preSolution
		HideSolutionNode = FALSE
	EndGlobalSection
	GlobalSection(ExtensibilityGlobals) = postSolution
		SolutionGuid = {D61952DA-A4F1-4A65-B26D-15AF2719BCD7}
	EndGlobalSection
EndGlobal
